
Microsoft Visual Studio Solution File, Format Version 12.00
# Visual Studio 14
VisualStudioVersion = 14.0.22823.1
MinimumVisualStudioVersion = 10.0.40219.1
Project("{FAE04EC0-301F-11D3-BF4B-00C04F79EFBC}") = "WcfServiceTva", "WcfServiceTva\WcfServiceTva.csproj", "{C7377BF2-E3D7-4B92-9EDD-1CA826885CBE}"
EndProject
Project("{FAE04EC0-301F-11D3-BF4B-00C04F79EFBC}") = "BricachocBll", "BricachocBll\BricachocBll.csproj", "{E5D8A84D-FDB4-4A55-A4ED-ADDCB64E1872}"
EndProject
Project("{FAE04EC0-301F-11D3-BF4B-00C04F79EFBC}") = "BricachocBo", "BricachocBo\BricachocBo.csproj", "{4FFDB303-F0A1-4C72-B311-920C629FF405}"
EndProject
Project("{FAE04EC0-301F-11D3-BF4B-00C04F79EFBC}") = "BricachocDal", "BricachocDal\BricachocDal.csproj", "{FF9D7C37-0C92-4152-9930-30755A3E2EA3}"
EndProject
Project("{FAE04EC0-301F-11D3-BF4B-00C04F79EFBC}") = "WindowsServiceTva", "WindowsServiceTva\WindowsServiceTva.csproj", "{FC86194C-ADD6-4F5E-8090-65DEAFC7BFC2}"
EndProject
Project("{FAE04EC0-301F-11D3-BF4B-00C04F79EFBC}") = "WcfServiceLibraryTva", "WcfServiceLibraryTva\WcfServiceLibraryTva.csproj", "{6FF1CF2E-3D5C-4606-A1CC-F36CA53833EE}"
EndProject
Project("{FAE04EC0-301F-11D3-BF4B-00C04F79EFBC}") = "ConsoleServiceTva", "ConsoleServiceTva\ConsoleServiceTva.csproj", "{1C64AD08-E346-4143-9D9F-0BF1C0876C33}"
EndProject
Global
	GlobalSection(SolutionConfigurationPlatforms) = preSolution
		Debug|Any CPU = Debug|Any CPU
		Release|Any CPU = Release|Any CPU
	EndGlobalSection
	GlobalSection(ProjectConfigurationPlatforms) = postSolution
		{C7377BF2-E3D7-4B92-9EDD-1CA826885CBE}.Debug|Any CPU.ActiveCfg = Debug|Any CPU
		{C7377BF2-E3D7-4B92-9EDD-1CA826885CBE}.Debug|Any CPU.Build.0 = Debug|Any CPU
		{C7377BF2-E3D7-4B92-9EDD-1CA826885CBE}.Release|Any CPU.ActiveCfg = Release|Any CPU
		{C7377BF2-E3D7-4B92-9EDD-1CA826885CBE}.Release|Any CPU.Build.0 = Release|Any CPU
		{E5D8A84D-FDB4-4A55-A4ED-ADDCB64E1872}.Debug|Any CPU.ActiveCfg = Debug|Any CPU
		{E5D8A84D-FDB4-4A55-A4ED-ADDCB64E1872}.Debug|Any CPU.Build.0 = Debug|Any CPU
		{E5D8A84D-FDB4-4A55-A4ED-ADDCB64E1872}.Release|Any CPU.ActiveCfg = Release|Any CPU
		{E5D8A84D-FDB4-4A55-A4ED-ADDCB64E1872}.Release|Any CPU.Build.0 = Release|Any CPU
		{4FFDB303-F0A1-4C72-B311-920C629FF405}.Debug|Any CPU.ActiveCfg = Debug|Any CPU
		{4FFDB303-F0A1-4C72-B311-920C629FF405}.Debug|Any CPU.Build.0 = Debug|Any CPU
		{4FFDB303-F0A1-4C72-B311-920C629FF405}.Release|Any CPU.ActiveCfg = Release|Any CPU
		{4FFDB303-F0A1-4C72-B311-920C629FF405}.Release|Any CPU.Build.0 = Release|Any CPU
		{FF9D7C37-0C92-4152-9930-30755A3E2EA3}.Debug|Any CPU.ActiveCfg = Debug|Any CPU
		{FF9D7C37-0C92-4152-9930-30755A3E2EA3}.Debug|Any CPU.Build.0 = Debug|Any CPU
		{FF9D7C37-0C92-4152-9930-30755A3E2EA3}.Release|Any CPU.ActiveCfg = Release|Any CPU
		{FF9D7C37-0C92-4152-9930-30755A3E2EA3}.Release|Any CPU.Build.0 = Release|Any CPU
		{FC86194C-ADD6-4F5E-8090-65DEAFC7BFC2}.Debug|Any CPU.ActiveCfg = Debug|Any CPU
		{FC86194C-ADD6-4F5E-8090-65DEAFC7BFC2}.Debug|Any CPU.Build.0 = Debug|Any CPU
		{FC86194C-ADD6-4F5E-8090-65DEAFC7BFC2}.Release|Any CPU.ActiveCfg = Release|Any CPU
		{FC86194C-ADD6-4F5E-8090-65DEAFC7BFC2}.Release|Any CPU.Build.0 = Release|Any CPU
		{6FF1CF2E-3D5C-4606-A1CC-F36CA53833EE}.Debug|Any CPU.ActiveCfg = Debug|Any CPU
		{6FF1CF2E-3D5C-4606-A1CC-F36CA53833EE}.Debug|Any CPU.Build.0 = Debug|Any CPU
		{6FF1CF2E-3D5C-4606-A1CC-F36CA53833EE}.Release|Any CPU.ActiveCfg = Release|Any CPU
		{6FF1CF2E-3D5C-4606-A1CC-F36CA53833EE}.Release|Any CPU.Build.0 = Release|Any CPU
		{1C64AD08-E346-4143-9D9F-0BF1C0876C33}.Debug|Any CPU.ActiveCfg = Debug|Any CPU
		{1C64AD08-E346-4143-9D9F-0BF1C0876C33}.Debug|Any CPU.Build.0 = Debug|Any CPU
		{1C64AD08-E346-4143-9D9F-0BF1C0876C33}.Release|Any CPU.ActiveCfg = Release|Any CPU
		{1C64AD08-E346-4143-9D9F-0BF1C0876C33}.Release|Any CPU.Build.0 = Release|Any CPU
	EndGlobalSection
	GlobalSection(SolutionProperties) = preSolution
		HideSolutionNode = FALSE
	EndGlobalSection
EndGlobal
